
Microsoft Visual Studio Solution File, Format Version 12.00
# Visual Studio Version 17
VisualStudioVersion = 17.11.35327.3
MinimumVisualStudioVersion = 10.0.40219.1
Project("{FAE04EC0-301F-11D3-BF4B-00C04F79EFBC}") = "B2BWebService", "B2BWebService.csproj", "{FE99E309-11CC-40F2-A942-7A9A847BF5DD}"
EndProject
Global
	GlobalSection(SolutionConfigurationPlatforms) = preSolution
		Debug|Any CPU = Debug|Any CPU
		Release|Any CPU = Release|Any CPU
	EndGlobalSection
	GlobalSection(ProjectConfigurationPlatforms) = postSolution
		{FE99E309-11CC-40F2-A942-7A9A847BF5DD}.Debug|Any CPU.ActiveCfg = Debug|Any CPU
		{FE99E309-11CC-40F2-A942-7A9A847BF5DD}.Debug|Any CPU.Build.0 = Debug|Any CPU
		{FE99E309-11CC-40F2-A942-7A9A847BF5DD}.Release|Any CPU.ActiveCfg = Release|Any CPU
		{FE99E309-11CC-40F2-A942-7A9A847BF5DD}.Release|Any CPU.Build.0 = Release|Any CPU
	EndGlobalSection
	GlobalSection(SolutionProperties) = preSolution
		HideSolutionNode = FALSE
	EndGlobalSection
	GlobalSection(ExtensibilityGlobals) = postSolution
		SolutionGuid = {020BDE90-DED3-40A4-9EE8-6B7FCDD18E2A}
	EndGlobalSection
EndGlobal
